{
  "version": 4,
  "terraform_version": "1.15.8",
  "serial": 4,
  "lineage": "e55d15ec-b758-415b-fe40-771dec05b428",
  "outputs": {
    "location": {
      "value": "uksouth",
      "type": "string"
    },
    "resource_group_full_info": {
      "value": {
        "id": "/subscriptions/ca3b1116-a974-4549-88c2-8b56da5130d0/resourceGroups/rg-team4-backend-dev",
        "location": "uksouth",
        "name": "rg-team4-backend-dev",
        "tags": {
          "cost_center": "engineering",
          "created_by": "platform-course",
          "environment": "dev",
          "managed_by": "terraform",
          "project": "team4-backend"
        }
      },
      "type": [
        "object",
        {
          "id": "string",
          "location": "string",
          "name": "string",
          "tags": [
            "map",
            "string"
          ]
        }
      ]
    },
    "resource_group_id": {
      "value": "/subscriptions/ca3b1116-a974-4549-88c2-8b56da5130d0/resourceGroups/rg-team4-backend-dev",
      "type": "string"
    },
    "resource_group_name": {
      "value": "rg-team4-backend-dev",
      "type": "string"
    }
  },
  "resources": [
    {
      "mode": "managed",
      "type": "azurerm_resource_group",
      "name": "main",
      "provider": "provider[\"registry.terraform.io/hashicorp/azurerm\"]",
      "instances": [
        {
          "schema_version": 0,
          "attributes": {
            "id": "/subscriptions/ca3b1116-a974-4549-88c2-8b56da5130d0/resourceGroups/rg-team4-backend-dev",
            "location": "uksouth",
            "managed_by": "",
            "name": "rg-team4-backend-dev",
            "tags": {
              "cost_center": "engineering",
              "created_by": "platform-course",
              "environment": "dev",
              "managed_by": "terraform",
              "project": "team4-backend"
            },
            "timeouts": null
          },
          "sensitive_attributes": [],
          "identity_schema_version": 0,
          "identity": {
            "name": "rg-team4-backend-dev",
            "subscription_id": "ca3b1116-a974-4549-88c2-8b56da5130d0"
          },
          "private": "eyJlMmJmYjczMC1lY2FhLTExZTYtOGY4OC0zNDM2M2JjN2M0YzAiOnsiY3JlYXRlIjo1NDAwMDAwMDAwMDAwLCJkZWxldGUiOjU0MDAwMDAwMDAwMDAsInJlYWQiOjMwMDAwMDAwMDAwMCwidXBkYXRlIjo1NDAwMDAwMDAwMDAwfX0="
        }
      ]
    }
  ],
  "check_results": [
    {
      "object_kind": "var",
      "config_addr": "var.resource_group_name",
      "status": "pass",
      "objects": [
        {
          "object_addr": "var.resource_group_name",
          "status": "pass"
        }
      ]
    },
    {
      "object_kind": "var",
      "config_addr": "var.location",
      "status": "pass",
      "objects": [
        {
          "object_addr": "var.location",
          "status": "pass"
        }
      ]
    },
    {
      "object_kind": "var",
      "config_addr": "var.environment",
      "status": "pass",
      "objects": [
        {
          "object_addr": "var.environment",
          "status": "pass"
        }
      ]
    },
    {
      "object_kind": "var",
      "config_addr": "var.project_name",
      "status": "pass",
      "objects": [
        {
          "object_addr": "var.project_name",
          "status": "pass"
        }
      ]
    }
  ]
}
